{
  "name": "dados-cachorros",
  "version": "1.0.0",
  "lockfileVersion": 1,
  "requires": true,
  "dependencies": {
    "fs": {
      "version": "0.0.1-security",
      "resolved": "https://registry.npmjs.org/fs/-/fs-0.0.1-security.tgz",
      "integrity": "sha1-invTcYa23d84E/I4WLV+yq9eQdQ="
    },
    "nanoid": {
      "version": "3.1.31",
      "resolved": "https://registry.npmjs.org/nanoid/-/nanoid-3.1.31.tgz",
      "integrity": "sha512-ZivnJm0o9bb13p2Ot5CpgC2rQdzB9Uxm/mFZweqm5eMViqOJe3PV6LU2E30SiLgheesmcPrjquqraoolONSA0A=="
    }
  }
}
